
Microsoft Visual Studio Solution File, Format Version 12.00
# Visual Studio Version 16
VisualStudioVersion = 16.0.30907.101
MinimumVisualStudioVersion = 10.0.40219.1
Project("{FAE04EC0-301F-11D3-BF4B-00C04F79EFBC}") = "SGWeather2Hours", "SGWeather2Hours.csproj", "{D523EEE3-D9F1-4320-B4B0-4A6DFCD92875}"
EndProject
Global
	GlobalSection(SolutionConfigurationPlatforms) = preSolution
		Debug|Any CPU = Debug|Any CPU
		Release|Any CPU = Release|Any CPU
	EndGlobalSection
	GlobalSection(ProjectConfigurationPlatforms) = postSolution
		{D523EEE3-D9F1-4320-B4B0-4A6DFCD92875}.Debug|Any CPU.ActiveCfg = Debug|Any CPU
		{D523EEE3-D9F1-4320-B4B0-4A6DFCD92875}.Debug|Any CPU.Build.0 = Debug|Any CPU
		{D523EEE3-D9F1-4320-B4B0-4A6DFCD92875}.Release|Any CPU.ActiveCfg = Release|Any CPU
		{D523EEE3-D9F1-4320-B4B0-4A6DFCD92875}.Release|Any CPU.Build.0 = Release|Any CPU
	EndGlobalSection
	GlobalSection(SolutionProperties) = preSolution
		HideSolutionNode = FALSE
	EndGlobalSection
	GlobalSection(ExtensibilityGlobals) = postSolution
		SolutionGuid = {DED83F3C-1C96-4313-BE69-BC2330307ECE}
	EndGlobalSection
EndGlobal
